
Microsoft Visual Studio Solution File, Format Version 12.00
# Visual Studio Version 16
VisualStudioVersion = 16.0.30011.22
MinimumVisualStudioVersion = 10.0.40219.1
Project("{FAE04EC0-301F-11D3-BF4B-00C04F79EFBC}") = "EnterTheGungeon.Lilly.plugins", "EnterTheGungeon\EnterTheGungeon.Lilly.plugins.csproj", "{684EF6B5-EF5B-4DB9-A642-5595A1433EC4}"
EndProject
Global
	GlobalSection(SolutionConfigurationPlatforms) = preSolution
		Debug|Any CPU = Debug|Any CPU
		Release|Any CPU = Release|Any CPU
	EndGlobalSection
	GlobalSection(ProjectConfigurationPlatforms) = postSolution
		{684EF6B5-EF5B-4DB9-A642-5595A1433EC4}.Debug|Any CPU.ActiveCfg = Debug|Any CPU
		{684EF6B5-EF5B-4DB9-A642-5595A1433EC4}.Debug|Any CPU.Build.0 = Debug|Any CPU
		{684EF6B5-EF5B-4DB9-A642-5595A1433EC4}.Release|Any CPU.ActiveCfg = Release|Any CPU
		{684EF6B5-EF5B-4DB9-A642-5595A1433EC4}.Release|Any CPU.Build.0 = Release|Any CPU
	EndGlobalSection
	GlobalSection(SolutionProperties) = preSolution
		HideSolutionNode = FALSE
	EndGlobalSection
	GlobalSection(ExtensibilityGlobals) = postSolution
		SolutionGuid = {2049DF70-9322-49E9-8E63-375770011A2B}
	EndGlobalSection
EndGlobal
